// !$*UTF8*$!
{
	archiveVersion = 1;
	classes = {
	};
	objectVersion = 56;
	objects = {

/* Begin PBXBuildFile section */
		1A43301E2B1252F7002A629E /* HPIApp.swift in Sources */ = {isa = PBXBuildFile; fileRef = 1A43301D2B1252F7002A629E /* HPIApp.swift */; };
		1A4330222B1252F8002A629E /* Assets.xcassets in Resources */ = {isa = PBXBuildFile; fileRef = 1A4330212B1252F8002A629E /* Assets.xcassets */; };
		1A4330252B1252F8002A629E /* Preview Assets.xcassets in Resources */ = {isa = PBXBuildFile; fileRef = 1A4330242B1252F8002A629E /* Preview Assets.xcassets */; };
		1A43302C2B1260CE002A629E /* Router.swift in Sources */ = {isa = PBXBuildFile; fileRef = 1A43302B2B1260CE002A629E /* Router.swift */; };
		1A43302E2B126100002A629E /* PlantsScreen.swift in Sources */ = {isa = PBXBuildFile; fileRef = 1A43302D2B126100002A629E /* PlantsScreen.swift */; };
		1A4330302B126143002A629E /* NavigationDestination.swift in Sources */ = {isa = PBXBuildFile; fileRef = 1A43302F2B126143002A629E /* NavigationDestination.swift */; };
		1A4330322B126175002A629E /* Plant.swift in Sources */ = {isa = PBXBuildFile; fileRef = 1A4330312B126175002A629E /* Plant.swift */; };
		1A4330362B126259002A629E /* PlantDetailScreen.swift in Sources */ = {isa = PBXBuildFile; fileRef = 1A4330352B126259002A629E /* PlantDetailScreen.swift */; };
		1A4330462B126DCB002A629E /* PlantListTile.swift in Sources */ = {isa = PBXBuildFile; fileRef = 1A4330452B126DCB002A629E /* PlantListTile.swift */; };
		1A4330492B127751002A629E /* View+withErrorHandling.swift in Sources */ = {isa = PBXBuildFile; fileRef = 1A4330482B127751002A629E /* View+withErrorHandling.swift */; };
		1A43304D2B12784C002A629E /* ErrorHandling.swift in Sources */ = {isa = PBXBuildFile; fileRef = 1A43304C2B12784C002A629E /* ErrorHandling.swift */; };
		1A43304F2B129AB0002A629E /* PlantImage.swift in Sources */ = {isa = PBXBuildFile; fileRef = 1A43304E2B129AB0002A629E /* PlantImage.swift */; };
		1A4330512B129CD5002A629E /* PlantMessage.swift in Sources */ = {isa = PBXBuildFile; fileRef = 1A4330502B129CD5002A629E /* PlantMessage.swift */; };
		1A4330C32B135D67002A629E /* AsyncHTTPClient in Frameworks */ = {isa = PBXBuildFile; productRef = 1A4330C22B135D67002A629E /* AsyncHTTPClient */; };
		1A4330C72B135F65002A629E /* LatestData.swift in Sources */ = {isa = PBXBuildFile; fileRef = 1A4330C62B135F65002A629E /* LatestData.swift */; };
/* End PBXBuildFile section */

/* Begin PBXCopyFilesBuildPhase section */
		1A4330742B12A917002A629E /* Embed Frameworks */ = {
			isa = PBXCopyFilesBuildPhase;
			buildActionMask = 2147483647;
			dstPath = "";
			dstSubfolderSpec = 10;
			files = (
			);
			name = "Embed Frameworks";
			runOnlyForDeploymentPostprocessing = 0;
		};
/* End PBXCopyFilesBuildPhase section */

/* Begin PBXFileReference section */
		1A43301A2B1252F7002A629E /* HPI.app */ = {isa = PBXFileReference; explicitFileType = wrapper.application; includeInIndex = 0; path = HPI.app; sourceTree = BUILT_PRODUCTS_DIR; };
		1A43301D2B1252F7002A629E /* HPIApp.swift */ = {isa = PBXFileReference; lastKnownFileType = sourcecode.swift; path = HPIApp.swift; sourceTree = "<group>"; };
		1A4330212B1252F8002A629E /* Assets.xcassets */ = {isa = PBXFileReference; lastKnownFileType = folder.assetcatalog; path = Assets.xcassets; sourceTree = "<group>"; };
		1A4330242B1252F8002A629E /* Preview Assets.xcassets */ = {isa = PBXFileReference; lastKnownFileType = folder.assetcatalog; path = "Preview Assets.xcassets"; sourceTree = "<group>"; };
		1A43302B2B1260CE002A629E /* Router.swift */ = {isa = PBXFileReference; lastKnownFileType = sourcecode.swift; path = Router.swift; sourceTree = "<group>"; };
		1A43302D2B126100002A629E /* PlantsScreen.swift */ = {isa = PBXFileReference; lastKnownFileType = sourcecode.swift; path = PlantsScreen.swift; sourceTree = "<group>"; };
		1A43302F2B126143002A629E /* NavigationDestination.swift */ = {isa = PBXFileReference; lastKnownFileType = sourcecode.swift; path = NavigationDestination.swift; sourceTree = "<group>"; };
		1A4330312B126175002A629E /* Plant.swift */ = {isa = PBXFileReference; lastKnownFileType = sourcecode.swift; path = Plant.swift; sourceTree = "<group>"; };
		1A4330352B126259002A629E /* PlantDetailScreen.swift */ = {isa = PBXFileReference; lastKnownFileType = sourcecode.swift; path = PlantDetailScreen.swift; sourceTree = "<group>"; };
		1A4330372B126280002A629E /* MockPlant.swift */ = {isa = PBXFileReference; lastKnownFileType = sourcecode.swift; path = MockPlant.swift; sourceTree = "<group>"; };
		1A43303D2B1266C2002A629E /* PlantAPI.swift */ = {isa = PBXFileReference; lastKnownFileType = sourcecode.swift; path = PlantAPI.swift; sourceTree = "<group>"; };
		1A43303F2B126782002A629E /* MockPlantAPI.swift */ = {isa = PBXFileReference; lastKnownFileType = sourcecode.swift; path = MockPlantAPI.swift; sourceTree = "<group>"; };
		1A4330412B126880002A629E /* RealPlantAPI.swift */ = {isa = PBXFileReference; lastKnownFileType = sourcecode.swift; path = RealPlantAPI.swift; sourceTree = "<group>"; };
		1A4330432B126BC0002A629E /* APIEnvironment.swift */ = {isa = PBXFileReference; lastKnownFileType = sourcecode.swift; path = APIEnvironment.swift; sourceTree = "<group>"; };
		1A4330452B126DCB002A629E /* PlantListTile.swift */ = {isa = PBXFileReference; lastKnownFileType = sourcecode.swift; path = PlantListTile.swift; sourceTree = "<group>"; };
		1A4330482B127751002A629E /* View+withErrorHandling.swift */ = {isa = PBXFileReference; lastKnownFileType = sourcecode.swift; path = "View+withErrorHandling.swift"; sourceTree = "<group>"; };
		1A43304C2B12784C002A629E /* ErrorHandling.swift */ = {isa = PBXFileReference; lastKnownFileType = sourcecode.swift; path = ErrorHandling.swift; sourceTree = "<group>"; };
		1A43304E2B129AB0002A629E /* PlantImage.swift */ = {isa = PBXFileReference; lastKnownFileType = sourcecode.swift; path = PlantImage.swift; sourceTree = "<group>"; };
		1A4330502B129CD5002A629E /* PlantMessage.swift */ = {isa = PBXFileReference; lastKnownFileType = sourcecode.swift; path = PlantMessage.swift; sourceTree = "<group>"; };
		1A4330C62B135F65002A629E /* LatestData.swift */ = {isa = PBXFileReference; lastKnownFileType = sourcecode.swift; path = LatestData.swift; sourceTree = "<group>"; };
/* End PBXFileReference section */

/* Begin PBXFrameworksBuildPhase section */
		1A4330172B1252F7002A629E /* Frameworks */ = {
			isa = PBXFrameworksBuildPhase;
			buildActionMask = 2147483647;
			files = (
				1A4330C32B135D67002A629E /* AsyncHTTPClient in Frameworks */,
			);
			runOnlyForDeploymentPostprocessing = 0;
		};
/* End PBXFrameworksBuildPhase section */

/* Begin PBXGroup section */
		1A4330112B1252F7002A629E = {
			isa = PBXGroup;
			children = (
				1A43301C2B1252F7002A629E /* HPI */,
				1A43301B2B1252F7002A629E /* Products */,
			);
			sourceTree = "<group>";
		};
		1A43301B2B1252F7002A629E /* Products */ = {
			isa = PBXGroup;
			children = (
				1A43301A2B1252F7002A629E /* HPI.app */,
			);
			name = Products;
			sourceTree = "<group>";
		};
		1A43301C2B1252F7002A629E /* HPI */ = {
			isa = PBXGroup;
			children = (
				1A4330BF2B135C1A002A629E /* API */,
				1A43304B2B12783C002A629E /* Models */,
				1A4330472B12773D002A629E /* Extensions */,
				1A4330392B126401002A629E /* Views */,
				1A4330212B1252F8002A629E /* Assets.xcassets */,
				1A43301D2B1252F7002A629E /* HPIApp.swift */,
				1A43302F2B126143002A629E /* NavigationDestination.swift */,
				1A4330232B1252F8002A629E /* Preview Content */,
			);
			path = HPI;
			sourceTree = "<group>";
		};
		1A4330232B1252F8002A629E /* Preview Content */ = {
			isa = PBXGroup;
			children = (
				1A4330242B1252F8002A629E /* Preview Assets.xcassets */,
			);
			path = "Preview Content";
			sourceTree = "<group>";
		};
		1A4330392B126401002A629E /* Views */ = {
			isa = PBXGroup;
			children = (
				1A4330352B126259002A629E /* PlantDetailScreen.swift */,
				1A43302D2B126100002A629E /* PlantsScreen.swift */,
				1A43302B2B1260CE002A629E /* Router.swift */,
				1A4330452B126DCB002A629E /* PlantListTile.swift */,
				1A43304E2B129AB0002A629E /* PlantImage.swift */,
				1A4330502B129CD5002A629E /* PlantMessage.swift */,
			);
			path = Views;
			sourceTree = "<group>";
		};
		1A4330472B12773D002A629E /* Extensions */ = {
			isa = PBXGroup;
			children = (
				1A4330482B127751002A629E /* View+withErrorHandling.swift */,
			);
			path = Extensions;
			sourceTree = "<group>";
		};
		1A43304B2B12783C002A629E /* Models */ = {
			isa = PBXGroup;
			children = (
				1A43304C2B12784C002A629E /* ErrorHandling.swift */,
				1A4330C62B135F65002A629E /* LatestData.swift */,
				1A4330312B126175002A629E /* Plant.swift */,
			);
			path = Models;
			sourceTree = "<group>";
		};
		1A4330BF2B135C1A002A629E /* API */ = {
			isa = PBXGroup;
			children = (
				1A43303D2B1266C2002A629E /* PlantAPI.swift */,
				1A4330372B126280002A629E /* MockPlant.swift */,
				1A43303F2B126782002A629E /* MockPlantAPI.swift */,
				1A4330412B126880002A629E /* RealPlantAPI.swift */,
				1A4330432B126BC0002A629E /* APIEnvironment.swift */,
			);
			path = API;
			sourceTree = "<group>";
		};
/* End PBXGroup section */

/* Begin PBXNativeTarget section */
		1A4330192B1252F7002A629E /* HPI */ = {
			isa = PBXNativeTarget;
			buildConfigurationList = 1A4330282B1252F8002A629E /* Build configuration list for PBXNativeTarget "HPI" */;
			buildPhases = (
				1A4330162B1252F7002A629E /* Sources */,
				1A4330172B1252F7002A629E /* Frameworks */,
				1A4330182B1252F7002A629E /* Resources */,
				1A4330742B12A917002A629E /* Embed Frameworks */,
			);
			buildRules = (
			);
			dependencies = (
			);
			name = HPI;
			packageProductDependencies = (
				1A4330C22B135D67002A629E /* AsyncHTTPClient */,
			);
			productName = HPI;
			productReference = 1A43301A2B1252F7002A629E /* HPI.app */;
			productType = "com.apple.product-type.application";
		};
/* End PBXNativeTarget section */

/* Begin PBXProject section */
		1A4330122B1252F7002A629E /* Project object */ = {
			isa = PBXProject;
			attributes = {
				BuildIndependentTargetsInParallel = 1;
				LastSwiftUpdateCheck = 1500;
				LastUpgradeCheck = 1500;
				TargetAttributes = {
					1A4330192B1252F7002A629E = {
						CreatedOnToolsVersion = 15.0.1;
					};
				};
			};
			buildConfigurationList = 1A4330152B1252F7002A629E /* Build configuration list for PBXProject "HPI" */;
			compatibilityVersion = "Xcode 14.0";
			developmentRegion = en;
			hasScannedForEncodings = 0;
			knownRegions = (
				en,
				Base,
			);
			mainGroup = 1A4330112B1252F7002A629E;
			packageReferences = (
				1A4330C12B135D67002A629E /* XCRemoteSwiftPackageReference "async-http-client" */,
			);
			productRefGroup = 1A43301B2B1252F7002A629E /* Products */;
			projectDirPath = "";
			projectRoot = "";
			targets = (
				1A4330192B1252F7002A629E /* HPI */,
			);
		};
/* End PBXProject section */

/* Begin PBXResourcesBuildPhase section */
		1A4330182B1252F7002A629E /* Resources */ = {
			isa = PBXResourcesBuildPhase;
			buildActionMask = 2147483647;
			files = (
				1A4330252B1252F8002A629E /* Preview Assets.xcassets in Resources */,
				1A4330222B1252F8002A629E /* Assets.xcassets in Resources */,
			);
			runOnlyForDeploymentPostprocessing = 0;
		};
/* End PBXResourcesBuildPhase section */

/* Begin PBXSourcesBuildPhase section */
		1A4330162B1252F7002A629E /* Sources */ = {
			isa = PBXSourcesBuildPhase;
			buildActionMask = 2147483647;
			files = (
				1A4330492B127751002A629E /* View+withErrorHandling.swift in Sources */,
				1A4330512B129CD5002A629E /* PlantMessage.swift in Sources */,
				1A4330302B126143002A629E /* NavigationDestination.swift in Sources */,
				1A43302C2B1260CE002A629E /* Router.swift in Sources */,
				1A4330322B126175002A629E /* Plant.swift in Sources */,
				1A43304F2B129AB0002A629E /* PlantImage.swift in Sources */,
				1A43302E2B126100002A629E /* PlantsScreen.swift in Sources */,
				1A43304D2B12784C002A629E /* ErrorHandling.swift in Sources */,
				1A4330362B126259002A629E /* PlantDetailScreen.swift in Sources */,
				1A43301E2B1252F7002A629E /* HPIApp.swift in Sources */,
				1A4330C72B135F65002A629E /* LatestData.swift in Sources */,
				1A4330462B126DCB002A629E /* PlantListTile.swift in Sources */,
			);
			runOnlyForDeploymentPostprocessing = 0;
		};
/* End PBXSourcesBuildPhase section */

/* Begin XCBuildConfiguration section */
		1A4330262B1252F8002A629E /* Debug */ = {
			isa = XCBuildConfiguration;
			buildSettings = {
				ALWAYS_SEARCH_USER_PATHS = NO;
				ASSETCATALOG_COMPILER_GENERATE_SWIFT_ASSET_SYMBOL_EXTENSIONS = YES;
				CLANG_ANALYZER_NONNULL = YES;
				CLANG_ANALYZER_NUMBER_OBJECT_CONVERSION = YES_AGGRESSIVE;
				CLANG_CXX_LANGUAGE_STANDARD = "gnu++20";
				CLANG_ENABLE_MODULES = YES;
				CLANG_ENABLE_OBJC_ARC = YES;
				CLANG_ENABLE_OBJC_WEAK = YES;
				CLANG_WARN_BLOCK_CAPTURE_AUTORELEASING = YES;
				CLANG_WARN_BOOL_CONVERSION = YES;
				CLANG_WARN_COMMA = YES;
				CLANG_WARN_CONSTANT_CONVERSION = YES;
				CLANG_WARN_DEPRECATED_OBJC_IMPLEMENTATIONS = YES;
				CLANG_WARN_DIRECT_OBJC_ISA_USAGE = YES_ERROR;
				CLANG_WARN_DOCUMENTATION_COMMENTS = YES;
				CLANG_WARN_EMPTY_BODY = YES;
				CLANG_WARN_ENUM_CONVERSION = YES;
				CLANG_WARN_INFINITE_RECURSION = YES;
				CLANG_WARN_INT_CONVERSION = YES;
				CLANG_WARN_NON_LITERAL_NULL_CONVERSION = YES;
				CLANG_WARN_OBJC_IMPLICIT_RETAIN_SELF = YES;
				CLANG_WARN_OBJC_LITERAL_CONVERSION = YES;
				CLANG_WARN_OBJC_ROOT_CLASS = YES_ERROR;
				CLANG_WARN_QUOTED_INCLUDE_IN_FRAMEWORK_HEADER = YES;
				CLANG_WARN_RANGE_LOOP_ANALYSIS = YES;
				CLANG_WARN_STRICT_PROTOTYPES = YES;
				CLANG_WARN_SUSPICIOUS_MOVE = YES;
				CLANG_WARN_UNGUARDED_AVAILABILITY = YES_AGGRESSIVE;
				CLANG_WARN_UNREACHABLE_CODE = YES;
				CLANG_WARN__DUPLICATE_METHOD_MATCH = YES;
				COPY_PHASE_STRIP = NO;
				DEBUG_INFORMATION_FORMAT = dwarf;
				ENABLE_STRICT_OBJC_MSGSEND = YES;
				ENABLE_TESTABILITY = YES;
				ENABLE_USER_SCRIPT_SANDBOXING = YES;
				GCC_C_LANGUAGE_STANDARD = gnu17;
				GCC_DYNAMIC_NO_PIC = NO;
				GCC_NO_COMMON_BLOCKS = YES;
				GCC_OPTIMIZATION_LEVEL = 0;
				GCC_PREPROCESSOR_DEFINITIONS = (
					"DEBUG=1",
					"$(inherited)",
				);
				GCC_WARN_64_TO_32_BIT_CONVERSION = YES;
				GCC_WARN_ABOUT_RETURN_TYPE = YES_ERROR;
				GCC_WARN_UNDECLARED_SELECTOR = YES;
				GCC_WARN_UNINITIALIZED_AUTOS = YES_AGGRESSIVE;
				GCC_WARN_UNUSED_FUNCTION = YES;
				GCC_WARN_UNUSED_VARIABLE = YES;
				IPHONEOS_DEPLOYMENT_TARGET = 17.0;
				LOCALIZATION_PREFERS_STRING_CATALOGS = YES;
				MTL_ENABLE_DEBUG_INFO = INCLUDE_SOURCE;
				MTL_FAST_MATH = YES;
				ONLY_ACTIVE_ARCH = YES;
				SDKROOT = iphoneos;
				SWIFT_ACTIVE_COMPILATION_CONDITIONS = "DEBUG $(inherited)";
				SWIFT_OPTIMIZATION_LEVEL = "-Onone";
			};
			name = Debug;
		};
		1A4330272B1252F8002A629E /* Release */ = {
			isa = XCBuildConfiguration;
			buildSettings = {
				ALWAYS_SEARCH_USER_PATHS = NO;
				ASSETCATALOG_COMPILER_GENERATE_SWIFT_ASSET_SYMBOL_EXTENSIONS = YES;
				CLANG_ANALYZER_NONNULL = YES;
				CLANG_ANALYZER_NUMBER_OBJECT_CONVERSION = YES_AGGRESSIVE;
				CLANG_CXX_LANGUAGE_STANDARD = "gnu++20";
				CLANG_ENABLE_MODULES = YES;
				CLANG_ENABLE_OBJC_ARC = YES;
				CLANG_ENABLE_OBJC_WEAK = YES;
				CLANG_WARN_BLOCK_CAPTURE_AUTORELEASING = YES;
				CLANG_WARN_BOOL_CONVERSION = YES;
				CLANG_WARN_COMMA = YES;
				CLANG_WARN_CONSTANT_CONVERSION = YES;
				CLANG_WARN_DEPRECATED_OBJC_IMPLEMENTATIONS = YES;
				CLANG_WARN_DIRECT_OBJC_ISA_USAGE = YES_ERROR;
				CLANG_WARN_DOCUMENTATION_COMMENTS = YES;
				CLANG_WARN_EMPTY_BODY = YES;
				CLANG_WARN_ENUM_CONVERSION = YES;
				CLANG_WARN_INFINITE_RECURSION = YES;
				CLANG_WARN_INT_CONVERSION = YES;
				CLANG_WARN_NON_LITERAL_NULL_CONVERSION = YES;
				CLANG_WARN_OBJC_IMPLICIT_RETAIN_SELF = YES;
				CLANG_WARN_OBJC_LITERAL_CONVERSION = YES;
				CLANG_WARN_OBJC_ROOT_CLASS = YES_ERROR;
				CLANG_WARN_QUOTED_INCLUDE_IN_FRAMEWORK_HEADER = YES;
				CLANG_WARN_RANGE_LOOP_ANALYSIS = YES;
				CLANG_WARN_STRICT_PROTOTYPES = YES;
				CLANG_WARN_SUSPICIOUS_MOVE = YES;
				CLANG_WARN_UNGUARDED_AVAILABILITY = YES_AGGRESSIVE;
				CLANG_WARN_UNREACHABLE_CODE = YES;
				CLANG_WARN__DUPLICATE_METHOD_MATCH = YES;
				COPY_PHASE_STRIP = NO;
				DEBUG_INFORMATION_FORMAT = "dwarf-with-dsym";
				ENABLE_NS_ASSERTIONS = NO;
				ENABLE_STRICT_OBJC_MSGSEND = YES;
				ENABLE_USER_SCRIPT_SANDBOXING = YES;
				GCC_C_LANGUAGE_STANDARD = gnu17;
				GCC_NO_COMMON_BLOCKS = YES;
				GCC_WARN_64_TO_32_BIT_CONVERSION = YES;
				GCC_WARN_ABOUT_RETURN_TYPE = YES_ERROR;
				GCC_WARN_UNDECLARED_SELECTOR = YES;
				GCC_WARN_UNINITIALIZED_AUTOS = YES_AGGRESSIVE;
				GCC_WARN_UNUSED_FUNCTION = YES;
				GCC_WARN_UNUSED_VARIABLE = YES;
				IPHONEOS_DEPLOYMENT_TARGET = 17.0;
				LOCALIZATION_PREFERS_STRING_CATALOGS = YES;
				MTL_ENABLE_DEBUG_INFO = NO;
				MTL_FAST_MATH = YES;
				SDKROOT = iphoneos;
				SWIFT_COMPILATION_MODE = wholemodule;
				VALIDATE_PRODUCT = YES;
			};
			name = Release;
		};
		1A4330292B1252F8002A629E /* Debug */ = {
			isa = XCBuildConfiguration;
			buildSettings = {
				ALWAYS_EMBED_SWIFT_STANDARD_LIBRARIES = YES;
				ASSETCATALOG_COMPILER_APPICON_NAME = AppIcon;
				ASSETCATALOG_COMPILER_GLOBAL_ACCENT_COLOR_NAME = AccentColor;
				CODE_SIGN_STYLE = Automatic;
				CURRENT_PROJECT_VERSION = 1;
				DEVELOPMENT_ASSET_PATHS = "\"HPI/Preview Content\"";
				DEVELOPMENT_TEAM = PFNS8PTRM7;
				ENABLE_PREVIEWS = YES;
				GENERATE_INFOPLIST_FILE = YES;
				INFOPLIST_KEY_UIApplicationSceneManifest_Generation = YES;
				INFOPLIST_KEY_UIApplicationSupportsIndirectInputEvents = YES;
				INFOPLIST_KEY_UILaunchScreen_Generation = YES;
				INFOPLIST_KEY_UISupportedInterfaceOrientations_iPad = "UIInterfaceOrientationPortrait UIInterfaceOrientationPortraitUpsideDown UIInterfaceOrientationLandscapeLeft UIInterfaceOrientationLandscapeRight";
				INFOPLIST_KEY_UISupportedInterfaceOrientations_iPhone = "UIInterfaceOrientationPortrait UIInterfaceOrientationLandscapeLeft UIInterfaceOrientationLandscapeRight";
				LD_RUNPATH_SEARCH_PATHS = (
					"$(inherited)",
					"@executable_path/Frameworks",
				);
				MARKETING_VERSION = 1.0;
				PRODUCT_BUNDLE_IDENTIFIER = com.unicornsonlsd.HPI;
				PRODUCT_NAME = "$(TARGET_NAME)";
				SWIFT_EMIT_LOC_STRINGS = YES;
				SWIFT_VERSION = 5.0;
				TARGETED_DEVICE_FAMILY = "1,2";
			};
			name = Debug;
		};
		1A43302A2B1252F8002A629E /* Release */ = {
			isa = XCBuildConfiguration;
			buildSettings = {
				ALWAYS_EMBED_SWIFT_STANDARD_LIBRARIES = YES;
				ASSETCATALOG_COMPILER_APPICON_NAME = AppIcon;
				ASSETCATALOG_COMPILER_GLOBAL_ACCENT_COLOR_NAME = AccentColor;
				CODE_SIGN_STYLE = Automatic;
				CURRENT_PROJECT_VERSION = 1;
				DEVELOPMENT_ASSET_PATHS = "\"HPI/Preview Content\"";
				DEVELOPMENT_TEAM = PFNS8PTRM7;
				ENABLE_PREVIEWS = YES;
				GENERATE_INFOPLIST_FILE = YES;
				INFOPLIST_KEY_UIApplicationSceneManifest_Generation = YES;
				INFOPLIST_KEY_UIApplicationSupportsIndirectInputEvents = YES;
				INFOPLIST_KEY_UILaunchScreen_Generation = YES;
				INFOPLIST_KEY_UISupportedInterfaceOrientations_iPad = "UIInterfaceOrientationPortrait UIInterfaceOrientationPortraitUpsideDown UIInterfaceOrientationLandscapeLeft UIInterfaceOrientationLandscapeRight";
				INFOPLIST_KEY_UISupportedInterfaceOrientations_iPhone = "UIInterfaceOrientationPortrait UIInterfaceOrientationLandscapeLeft UIInterfaceOrientationLandscapeRight";
				LD_RUNPATH_SEARCH_PATHS = (
					"$(inherited)",
					"@executable_path/Frameworks",
				);
				MARKETING_VERSION = 1.0;
				PRODUCT_BUNDLE_IDENTIFIER = com.unicornsonlsd.HPI;
				PRODUCT_NAME = "$(TARGET_NAME)";
				SWIFT_EMIT_LOC_STRINGS = YES;
				SWIFT_VERSION = 5.0;
				TARGETED_DEVICE_FAMILY = "1,2";
			};
			name = Release;
		};
/* End XCBuildConfiguration section */

/* Begin XCConfigurationList section */
		1A4330152B1252F7002A629E /* Build configuration list for PBXProject "HPI" */ = {
			isa = XCConfigurationList;
			buildConfigurations = (
				1A4330262B1252F8002A629E /* Debug */,
				1A4330272B1252F8002A629E /* Release */,
			);
			defaultConfigurationIsVisible = 0;
			defaultConfigurationName = Release;
		};
		1A4330282B1252F8002A629E /* Build configuration list for PBXNativeTarget "HPI" */ = {
			isa = XCConfigurationList;
			buildConfigurations = (
				1A4330292B1252F8002A629E /* Debug */,
				1A43302A2B1252F8002A629E /* Release */,
			);
			defaultConfigurationIsVisible = 0;
			defaultConfigurationName = Release;
		};
/* End XCConfigurationList section */

/* Begin XCRemoteSwiftPackageReference section */
		1A4330C12B135D67002A629E /* XCRemoteSwiftPackageReference "async-http-client" */ = {
			isa = XCRemoteSwiftPackageReference;
			repositoryURL = "https://github.com/swift-server/async-http-client";
			requirement = {
				kind = upToNextMajorVersion;
				minimumVersion = 1.19.0;
			};
		};
/* End XCRemoteSwiftPackageReference section */

/* Begin XCSwiftPackageProductDependency section */
		1A4330C22B135D67002A629E /* AsyncHTTPClient */ = {
			isa = XCSwiftPackageProductDependency;
			package = 1A4330C12B135D67002A629E /* XCRemoteSwiftPackageReference "async-http-client" */;
			productName = AsyncHTTPClient;
		};
/* End XCSwiftPackageProductDependency section */
	};
	rootObject = 1A4330122B1252F7002A629E /* Project object */;
}
